
Microsoft Visual Studio Solution File, Format Version 12.00
# Visual Studio 15
VisualStudioVersion = 15.0.27703.2018
MinimumVisualStudioVersion = 10.0.40219.1
Project("{2150E333-8FDC-42A3-9474-1A3956D46DE8}") = "Navigation", "Navigation", "{6C517D59-7F50-482C-B2DC-82B979EE8701}"
EndProject
Project("{2150E333-8FDC-42A3-9474-1A3956D46DE8}") = "Adapters", "Adapters", "{0C74D086-A884-40CF-AB20-5F41BB99690E}"
EndProject
Project("{2150E333-8FDC-42A3-9474-1A3956D46DE8}") = "Utilities", "Utilities", "{162B8D28-0774-4DAC-A46A-F6D101EB572B}"
EndProject
Project("{FAE04EC0-301F-11D3-BF4B-00C04F79EFBC}") = "AoLibs.Adapters.Android", "Adapters\AoLibs.Adapters.Android\AoLibs.Adapters.Android.csproj", "{9072A3C7-A429-4F79-A0AB-224C8AFE6AA2}"
EndProject
Project("{9A19103F-16F7-4668-BE54-9A1E7A4F7556}") = "AoLibs.Adapters.Core", "Adapters\AoLibs.Adapters.Core\AoLibs.Adapters.Core.csproj", "{EC45ABED-B0F0-497D-AAEE-430A2842808A}"
EndProject
Project("{FAE04EC0-301F-11D3-BF4B-00C04F79EFBC}") = "AoLibs.Adapters.iOS", "Adapters\AoLibs.Adapters.iOS\AoLibs.Adapters.iOS.csproj", "{A0A5F094-03FF-4FE7-B745-0328DD05827C}"
EndProject
Project("{FAE04EC0-301F-11D3-BF4B-00C04F79EFBC}") = "AoLibs.Navigation.Android", "Navigation\AoLibs.Navigation.Android\AoLibs.Navigation.Android.csproj", "{9DFC65F1-1D85-48A2-B02D-88E6AC444978}"
EndProject
Project("{9A19103F-16F7-4668-BE54-9A1E7A4F7556}") = "AoLibs.Navigation.Core", "Navigation\AoLibs.Navigation.Core\AoLibs.Navigation.Core.csproj", "{DD2AFFEA-B220-4A5D-AE30-418FBB1E2F87}"
EndProject
Project("{FAE04EC0-301F-11D3-BF4B-00C04F79EFBC}") = "AoLibs.Navigation.iOS", "Navigation\AoLibs.Navigation.iOS\AoLibs.Navigation.iOS.csproj", "{83FA4A15-A071-499F-A8B8-36221C43D58B}"
EndProject
Project("{9A19103F-16F7-4668-BE54-9A1E7A4F7556}") = "AoLibs.Utilities.Shared", "Utilities\AoLibs.Utilities.Shared\AoLibs.Utilities.Shared.csproj", "{A5088458-5876-4A49-846B-F2D4B16E6F8A}"
EndProject
Project("{FAE04EC0-301F-11D3-BF4B-00C04F79EFBC}") = "AoLibs.Utilities.Android", "Utilities\AoLibs.Utilities.Android\AoLibs.Utilities.Android.csproj", "{E565F491-F6F0-4CE5-B155-E3696004142E}"
EndProject
Project("{2150E333-8FDC-42A3-9474-1A3956D46DE8}") = "Sample", "Sample", "{044230EF-6298-4D80-B936-FFBA1CE5F5EC}"
EndProject
Project("{FAE04EC0-301F-11D3-BF4B-00C04F79EFBC}") = "AoLibs.Sample.Android", "AoLibs.Sample.Android\AoLibs.Sample.Android.csproj", "{35898AC2-F5B9-4703-B2C4-99DA1145FCB7}"
EndProject
Project("{FAE04EC0-301F-11D3-BF4B-00C04F79EFBC}") = "AoLibs.Sample.Shared", "AoLibs.Sample.Shared\AoLibs.Sample.Shared.csproj", "{40EFA5FB-28B6-4976-8DA9-E1D88302023D}"
EndProject
Global
	GlobalSection(SolutionConfigurationPlatforms) = preSolution
		Debug|Any CPU = Debug|Any CPU
		Release|Any CPU = Release|Any CPU
	EndGlobalSection
	GlobalSection(ProjectConfigurationPlatforms) = postSolution
		{9072A3C7-A429-4F79-A0AB-224C8AFE6AA2}.Debug|Any CPU.ActiveCfg = Debug|Any CPU
		{9072A3C7-A429-4F79-A0AB-224C8AFE6AA2}.Debug|Any CPU.Build.0 = Debug|Any CPU
		{9072A3C7-A429-4F79-A0AB-224C8AFE6AA2}.Release|Any CPU.ActiveCfg = Release|Any CPU
		{9072A3C7-A429-4F79-A0AB-224C8AFE6AA2}.Release|Any CPU.Build.0 = Release|Any CPU
		{EC45ABED-B0F0-497D-AAEE-430A2842808A}.Debug|Any CPU.ActiveCfg = Debug|Any CPU
		{EC45ABED-B0F0-497D-AAEE-430A2842808A}.Debug|Any CPU.Build.0 = Debug|Any CPU
		{EC45ABED-B0F0-497D-AAEE-430A2842808A}.Release|Any CPU.ActiveCfg = Release|Any CPU
		{EC45ABED-B0F0-497D-AAEE-430A2842808A}.Release|Any CPU.Build.0 = Release|Any CPU
		{A0A5F094-03FF-4FE7-B745-0328DD05827C}.Debug|Any CPU.ActiveCfg = Debug|Any CPU
		{A0A5F094-03FF-4FE7-B745-0328DD05827C}.Debug|Any CPU.Build.0 = Debug|Any CPU
		{A0A5F094-03FF-4FE7-B745-0328DD05827C}.Release|Any CPU.ActiveCfg = Release|Any CPU
		{A0A5F094-03FF-4FE7-B745-0328DD05827C}.Release|Any CPU.Build.0 = Release|Any CPU
		{9DFC65F1-1D85-48A2-B02D-88E6AC444978}.Debug|Any CPU.ActiveCfg = Debug|Any CPU
		{9DFC65F1-1D85-48A2-B02D-88E6AC444978}.Debug|Any CPU.Build.0 = Debug|Any CPU
		{9DFC65F1-1D85-48A2-B02D-88E6AC444978}.Release|Any CPU.ActiveCfg = Release|Any CPU
		{9DFC65F1-1D85-48A2-B02D-88E6AC444978}.Release|Any CPU.Build.0 = Release|Any CPU
		{DD2AFFEA-B220-4A5D-AE30-418FBB1E2F87}.Debug|Any CPU.ActiveCfg = Debug|Any CPU
		{DD2AFFEA-B220-4A5D-AE30-418FBB1E2F87}.Debug|Any CPU.Build.0 = Debug|Any CPU
		{DD2AFFEA-B220-4A5D-AE30-418FBB1E2F87}.Release|Any CPU.ActiveCfg = Release|Any CPU
		{DD2AFFEA-B220-4A5D-AE30-418FBB1E2F87}.Release|Any CPU.Build.0 = Release|Any CPU
		{83FA4A15-A071-499F-A8B8-36221C43D58B}.Debug|Any CPU.ActiveCfg = Debug|Any CPU
		{83FA4A15-A071-499F-A8B8-36221C43D58B}.Debug|Any CPU.Build.0 = Debug|Any CPU
		{83FA4A15-A071-499F-A8B8-36221C43D58B}.Release|Any CPU.ActiveCfg = Release|Any CPU
		{83FA4A15-A071-499F-A8B8-36221C43D58B}.Release|Any CPU.Build.0 = Release|Any CPU
		{A5088458-5876-4A49-846B-F2D4B16E6F8A}.Debug|Any CPU.ActiveCfg = Debug|Any CPU
		{A5088458-5876-4A49-846B-F2D4B16E6F8A}.Debug|Any CPU.Build.0 = Debug|Any CPU
		{A5088458-5876-4A49-846B-F2D4B16E6F8A}.Release|Any CPU.ActiveCfg = Release|Any CPU
		{A5088458-5876-4A49-846B-F2D4B16E6F8A}.Release|Any CPU.Build.0 = Release|Any CPU
		{E565F491-F6F0-4CE5-B155-E3696004142E}.Debug|Any CPU.ActiveCfg = Debug|Any CPU
		{E565F491-F6F0-4CE5-B155-E3696004142E}.Debug|Any CPU.Build.0 = Debug|Any CPU
		{E565F491-F6F0-4CE5-B155-E3696004142E}.Release|Any CPU.ActiveCfg = Release|Any CPU
		{E565F491-F6F0-4CE5-B155-E3696004142E}.Release|Any CPU.Build.0 = Release|Any CPU
		{35898AC2-F5B9-4703-B2C4-99DA1145FCB7}.Debug|Any CPU.ActiveCfg = Debug|Any CPU
		{35898AC2-F5B9-4703-B2C4-99DA1145FCB7}.Debug|Any CPU.Build.0 = Debug|Any CPU
		{35898AC2-F5B9-4703-B2C4-99DA1145FCB7}.Debug|Any CPU.Deploy.0 = Debug|Any CPU
		{35898AC2-F5B9-4703-B2C4-99DA1145FCB7}.Release|Any CPU.ActiveCfg = Release|Any CPU
		{35898AC2-F5B9-4703-B2C4-99DA1145FCB7}.Release|Any CPU.Build.0 = Release|Any CPU
		{35898AC2-F5B9-4703-B2C4-99DA1145FCB7}.Release|Any CPU.Deploy.0 = Release|Any CPU
		{40EFA5FB-28B6-4976-8DA9-E1D88302023D}.Debug|Any CPU.ActiveCfg = Debug|Any CPU
		{40EFA5FB-28B6-4976-8DA9-E1D88302023D}.Debug|Any CPU.Build.0 = Debug|Any CPU
		{40EFA5FB-28B6-4976-8DA9-E1D88302023D}.Release|Any CPU.ActiveCfg = Release|Any CPU
		{40EFA5FB-28B6-4976-8DA9-E1D88302023D}.Release|Any CPU.Build.0 = Release|Any CPU
	EndGlobalSection
	GlobalSection(SolutionProperties) = preSolution
		HideSolutionNode = FALSE
	EndGlobalSection
	GlobalSection(NestedProjects) = preSolution
		{9072A3C7-A429-4F79-A0AB-224C8AFE6AA2} = {0C74D086-A884-40CF-AB20-5F41BB99690E}
		{EC45ABED-B0F0-497D-AAEE-430A2842808A} = {0C74D086-A884-40CF-AB20-5F41BB99690E}
		{A0A5F094-03FF-4FE7-B745-0328DD05827C} = {0C74D086-A884-40CF-AB20-5F41BB99690E}
		{9DFC65F1-1D85-48A2-B02D-88E6AC444978} = {6C517D59-7F50-482C-B2DC-82B979EE8701}
		{DD2AFFEA-B220-4A5D-AE30-418FBB1E2F87} = {6C517D59-7F50-482C-B2DC-82B979EE8701}
		{83FA4A15-A071-499F-A8B8-36221C43D58B} = {6C517D59-7F50-482C-B2DC-82B979EE8701}
		{A5088458-5876-4A49-846B-F2D4B16E6F8A} = {162B8D28-0774-4DAC-A46A-F6D101EB572B}
		{E565F491-F6F0-4CE5-B155-E3696004142E} = {162B8D28-0774-4DAC-A46A-F6D101EB572B}
		{35898AC2-F5B9-4703-B2C4-99DA1145FCB7} = {044230EF-6298-4D80-B936-FFBA1CE5F5EC}
		{40EFA5FB-28B6-4976-8DA9-E1D88302023D} = {044230EF-6298-4D80-B936-FFBA1CE5F5EC}
	EndGlobalSection
	GlobalSection(ExtensibilityGlobals) = postSolution
		SolutionGuid = {B52CBBB5-4296-4A0E-B4E5-9BDDF0EC98D3}
	EndGlobalSection
EndGlobal
